
Microsoft Visual Studio Solution File, Format Version 12.00
# Visual Studio Version 16
VisualStudioVersion = 16.0.29424.173
MinimumVisualStudioVersion = 10.0.40219.1
Project("{F184B08F-C81C-45F6-A57F-5ABD9991F28F}") = "Symmex.Snowflake.Caching", "Symmex.Snowflake.Caching\Symmex.Snowflake.Caching.vbproj", "{14D6F2F3-3269-4B93-8B92-4A5F00BE1E2B}"
EndProject
Project("{F184B08F-C81C-45F6-A57F-5ABD9991F28F}") = "Symmex.Snowflake.Common", "Symmex.Snowflake.Common\Symmex.Snowflake.Common.vbproj", "{DA2BD6FA-AB2C-422E-8678-F72EFE4AD449}"
EndProject
Project("{F184B08F-C81C-45F6-A57F-5ABD9991F28F}") = "Symmex.Snowflake.DataAccess", "Symmex.Snowflake.DataAccess\Symmex.Snowflake.DataAccess.vbproj", "{381A2204-74E8-48EE-88FA-87A4CC5101B8}"
EndProject
Project("{F184B08F-C81C-45F6-A57F-5ABD9991F28F}") = "Symmex.Snowflake.DataDeployment", "Symmex.Snowflake.DataDeployment\Symmex.Snowflake.DataDeployment.vbproj", "{649C5028-0585-40CC-8FC7-9A018756DABC}"
EndProject
Project("{F184B08F-C81C-45F6-A57F-5ABD9991F28F}") = "Symmex.Snowflake.DataDeployment.Sql", "Symmex.Snowflake.DataDeployment.Sql\Symmex.Snowflake.DataDeployment.Sql.vbproj", "{2B3CD95D-3D64-4011-A57D-6DBE29269A2E}"
EndProject
Project("{F184B08F-C81C-45F6-A57F-5ABD9991F28F}") = "Symmex.Snowflake.DataObjects", "Symmex.Snowflake.DataObjects\Symmex.Snowflake.DataObjects.vbproj", "{F7B33A60-5A8A-41C8-ABA4-A5C4A525A234}"
EndProject
Project("{F184B08F-C81C-45F6-A57F-5ABD9991F28F}") = "Symmex.Snowflake.DistributedCommands", "Symmex.Snowflake.DistributedCommands\Symmex.Snowflake.DistributedCommands.vbproj", "{B639F7C2-E04B-4140-BCA0-C89AF177327C}"
EndProject
Project("{F184B08F-C81C-45F6-A57F-5ABD9991F28F}") = "Symmex.Snowflake.Modularization", "Symmex.Snowflake.Modularization\Symmex.Snowflake.Modularization.vbproj", "{B881E9B1-CA06-402D-9668-9A4363DF2559}"
EndProject
Project("{F184B08F-C81C-45F6-A57F-5ABD9991F28F}") = "Symmex.Snowflake.Mvvm", "Symmex.Snowflake.Mvvm\Symmex.Snowflake.Mvvm.vbproj", "{3FD363EB-32F7-45A4-9C51-18845BB52BB2}"
EndProject
Project("{F184B08F-C81C-45F6-A57F-5ABD9991F28F}") = "Symmex.Snowflake.ResourceManagement", "Symmex.Snowflake.ResourceManagement\Symmex.Snowflake.ResourceManagement.vbproj", "{2519575C-B3C1-48B0-BEEA-108937313468}"
EndProject
Project("{F184B08F-C81C-45F6-A57F-5ABD9991F28F}") = "Symmex.Snowflake.Validation", "Symmex.Snowflake.Validation\Symmex.Snowflake.Validation.vbproj", "{3506D690-628E-40F2-A08A-3D607614EEA0}"
EndProject
Project("{F184B08F-C81C-45F6-A57F-5ABD9991F28F}") = "Symmex.Snowflake.Wpf", "Symmex.Snowflake.Wpf\Symmex.Snowflake.Wpf.vbproj", "{4E17A52A-09D1-487F-BA5E-D9AB29B3F0A1}"
EndProject
Global
	GlobalSection(SolutionConfigurationPlatforms) = preSolution
		Debug|Any CPU = Debug|Any CPU
		Release|Any CPU = Release|Any CPU
	EndGlobalSection
	GlobalSection(ProjectConfigurationPlatforms) = postSolution
		{14D6F2F3-3269-4B93-8B92-4A5F00BE1E2B}.Debug|Any CPU.ActiveCfg = Debug|Any CPU
		{14D6F2F3-3269-4B93-8B92-4A5F00BE1E2B}.Debug|Any CPU.Build.0 = Debug|Any CPU
		{14D6F2F3-3269-4B93-8B92-4A5F00BE1E2B}.Release|Any CPU.ActiveCfg = Release|Any CPU
		{14D6F2F3-3269-4B93-8B92-4A5F00BE1E2B}.Release|Any CPU.Build.0 = Release|Any CPU
		{DA2BD6FA-AB2C-422E-8678-F72EFE4AD449}.Debug|Any CPU.ActiveCfg = Debug|Any CPU
		{DA2BD6FA-AB2C-422E-8678-F72EFE4AD449}.Debug|Any CPU.Build.0 = Debug|Any CPU
		{DA2BD6FA-AB2C-422E-8678-F72EFE4AD449}.Release|Any CPU.ActiveCfg = Release|Any CPU
		{DA2BD6FA-AB2C-422E-8678-F72EFE4AD449}.Release|Any CPU.Build.0 = Release|Any CPU
		{381A2204-74E8-48EE-88FA-87A4CC5101B8}.Debug|Any CPU.ActiveCfg = Debug|Any CPU
		{381A2204-74E8-48EE-88FA-87A4CC5101B8}.Debug|Any CPU.Build.0 = Debug|Any CPU
		{381A2204-74E8-48EE-88FA-87A4CC5101B8}.Release|Any CPU.ActiveCfg = Release|Any CPU
		{381A2204-74E8-48EE-88FA-87A4CC5101B8}.Release|Any CPU.Build.0 = Release|Any CPU
		{649C5028-0585-40CC-8FC7-9A018756DABC}.Debug|Any CPU.ActiveCfg = Debug|Any CPU
		{649C5028-0585-40CC-8FC7-9A018756DABC}.Debug|Any CPU.Build.0 = Debug|Any CPU
		{649C5028-0585-40CC-8FC7-9A018756DABC}.Release|Any CPU.ActiveCfg = Release|Any CPU
		{649C5028-0585-40CC-8FC7-9A018756DABC}.Release|Any CPU.Build.0 = Release|Any CPU
		{2B3CD95D-3D64-4011-A57D-6DBE29269A2E}.Debug|Any CPU.ActiveCfg = Debug|Any CPU
		{2B3CD95D-3D64-4011-A57D-6DBE29269A2E}.Debug|Any CPU.Build.0 = Debug|Any CPU
		{2B3CD95D-3D64-4011-A57D-6DBE29269A2E}.Release|Any CPU.ActiveCfg = Release|Any CPU
		{2B3CD95D-3D64-4011-A57D-6DBE29269A2E}.Release|Any CPU.Build.0 = Release|Any CPU
		{F7B33A60-5A8A-41C8-ABA4-A5C4A525A234}.Debug|Any CPU.ActiveCfg = Debug|Any CPU
		{F7B33A60-5A8A-41C8-ABA4-A5C4A525A234}.Debug|Any CPU.Build.0 = Debug|Any CPU
		{F7B33A60-5A8A-41C8-ABA4-A5C4A525A234}.Release|Any CPU.ActiveCfg = Release|Any CPU
		{F7B33A60-5A8A-41C8-ABA4-A5C4A525A234}.Release|Any CPU.Build.0 = Release|Any CPU
		{B639F7C2-E04B-4140-BCA0-C89AF177327C}.Debug|Any CPU.ActiveCfg = Debug|Any CPU
		{B639F7C2-E04B-4140-BCA0-C89AF177327C}.Debug|Any CPU.Build.0 = Debug|Any CPU
		{B639F7C2-E04B-4140-BCA0-C89AF177327C}.Release|Any CPU.ActiveCfg = Release|Any CPU
		{B639F7C2-E04B-4140-BCA0-C89AF177327C}.Release|Any CPU.Build.0 = Release|Any CPU
		{B881E9B1-CA06-402D-9668-9A4363DF2559}.Debug|Any CPU.ActiveCfg = Debug|Any CPU
		{B881E9B1-CA06-402D-9668-9A4363DF2559}.Debug|Any CPU.Build.0 = Debug|Any CPU
		{B881E9B1-CA06-402D-9668-9A4363DF2559}.Release|Any CPU.ActiveCfg = Release|Any CPU
		{B881E9B1-CA06-402D-9668-9A4363DF2559}.Release|Any CPU.Build.0 = Release|Any CPU
		{3FD363EB-32F7-45A4-9C51-18845BB52BB2}.Debug|Any CPU.ActiveCfg = Debug|Any CPU
		{3FD363EB-32F7-45A4-9C51-18845BB52BB2}.Debug|Any CPU.Build.0 = Debug|Any CPU
		{3FD363EB-32F7-45A4-9C51-18845BB52BB2}.Release|Any CPU.ActiveCfg = Release|Any CPU
		{3FD363EB-32F7-45A4-9C51-18845BB52BB2}.Release|Any CPU.Build.0 = Release|Any CPU
		{2519575C-B3C1-48B0-BEEA-108937313468}.Debug|Any CPU.ActiveCfg = Debug|Any CPU
		{2519575C-B3C1-48B0-BEEA-108937313468}.Debug|Any CPU.Build.0 = Debug|Any CPU
		{2519575C-B3C1-48B0-BEEA-108937313468}.Release|Any CPU.ActiveCfg = Release|Any CPU
		{2519575C-B3C1-48B0-BEEA-108937313468}.Release|Any CPU.Build.0 = Release|Any CPU
		{3506D690-628E-40F2-A08A-3D607614EEA0}.Debug|Any CPU.ActiveCfg = Debug|Any CPU
		{3506D690-628E-40F2-A08A-3D607614EEA0}.Debug|Any CPU.Build.0 = Debug|Any CPU
		{3506D690-628E-40F2-A08A-3D607614EEA0}.Release|Any CPU.ActiveCfg = Release|Any CPU
		{3506D690-628E-40F2-A08A-3D607614EEA0}.Release|Any CPU.Build.0 = Release|Any CPU
		{4E17A52A-09D1-487F-BA5E-D9AB29B3F0A1}.Debug|Any CPU.ActiveCfg = Debug|Any CPU
		{4E17A52A-09D1-487F-BA5E-D9AB29B3F0A1}.Debug|Any CPU.Build.0 = Debug|Any CPU
		{4E17A52A-09D1-487F-BA5E-D9AB29B3F0A1}.Release|Any CPU.ActiveCfg = Release|Any CPU
		{4E17A52A-09D1-487F-BA5E-D9AB29B3F0A1}.Release|Any CPU.Build.0 = Release|Any CPU
	EndGlobalSection
	GlobalSection(SolutionProperties) = preSolution
		HideSolutionNode = FALSE
	EndGlobalSection
	GlobalSection(ExtensibilityGlobals) = postSolution
		SolutionGuid = {155DC815-742F-4C92-B2FC-4C87BA2FBA8C}
	EndGlobalSection
EndGlobal
